github.com/asaskevich/govalidator v0.0.0-20180720115003-f9ffefc3facf h1:eg0MeVzsP1G42dRafH3vf+al2vQIJU0YHX+1Tw87oco=
github.com/asaskevich/govalidator v0.0.0-20180720115003-f9ffefc3facf/go.mod h1:lB+ZfQJz7igIIfQNfa7Ml4HSf2uFQQRzpGGRXenZAgY=
github.com/go-sql-driver/mysql v1.4.1 h1:g24URVg0OFbNUTx9qqY1IRZ9D9z3iPyi5zKhQZpNwpA=
github.com/go-sql-driver/mysql v1.4.1/go.mod h1:zAC/RDZ24gD3HViQzih4MyKcchzm+sOG5ZlKdlhCg5w=
github.com/golang/protobuf v1.2.0/go.mod h1:6lQm79b+lXiMfvg/cZm0SGofjICqVBUtrP5yJMmIC1U=
github.com/gorilla/context v1.1.1 h1:AWwleXJkX/nhcU9bZSnZoi3h/qGYqQAGhq6zZe/aQW8=
github.com/gorilla/context v1.1.1/go.mod h1:kBGZzfjB9CEq2AlWe17Uuf7NDRt0dE0s8S51q0aT7Yg=
github.com/gorilla/mux v1.6.2 h1:Pgr17XVTNXAk3q/r4CpKzC5xBM/qW1uVLV+IhRZpIIk=
github.com/gorilla/mux v1.6.2/go.mod h1:1lud6UwP+6orDFRuTfBEV8e9/aOM/c4fVVCaMa2zaAs=
github.com/gorilla/securecookie v1.1.1 h1:miw7JPhV+b/lAHSXz4qd/nN9jRiAFV5FwjeKyCS8BvQ=
github.com/gorilla/securecookie v1.1.1/go.mod h1:ra0sb63/xPlUeL+yeDciTfxMRAA+MP+HVt/4epWDjd4=
github.com/gorilla/sessions v1.1.3 h1:uXoZdcdA5XdXF3QzuSlheVRUvjl+1rKY7zBXL68L9RU=
github.com/gorilla/sessions v1.1.3/go.mod h1:8KCfur6+4Mqcc6S0FEfKuN15Vl5MgXW92AE8ovaJD0w=
github.com/gosimple/slug v1.3.0 h1:NKQyQMjKkgCpD/Vd+wKtFc7N60bJNCLDubKU/UDKMFI=
github.com/gosimple/slug v1.3.0/go.mod h1:ER78kgg1Mv0NQGlXiDe57DpCyfbNywXXZ9mIorhxAf0=
github.com/jinzhu/gorm v1.9.1 h1:lDSDtsCt5AGGSKTs8AHlSDbbgif4G4+CKJ8ETBDVHTA=
github.com/jinzhu/gorm v1.9.1/go.mod h1:Vla75njaFJ8clLU1W44h34PjIkijhjHIYnZxMqCdxqo=
github.com/jinzhu/inflection v0.0.0-20180308033659-04140366298a h1:eeaG9XMUvRBYXJi4pg1ZKM7nxc5AfXfojeLLW7O5J3k=
github.com/jinzhu/inflection v0.0.0-20180308033659-04140366298a/go.mod h1:h+uFLlag+Qp1Va5pdKtLDYj+kHp5pxUVkryuEj+Srlc=
github.com/jinzhu/now v0.0.0-20181116074157-8ec929ed50c3 h1:xvj06l8iSwiWpYgm8MbPp+naBg+pwfqmdXabzqPCn/8=
github.com/jinzhu/now v0.0.0-20181116074157-8ec929ed50c3/go.mod h1:oHTiXerJ20+SfYcrdlBO7rzZRJWGwSTQ0iUY2jI6Gfc=
github.com/microcosm-cc/bluemonday v1.0.1 h1:SIYunPjnlXcW+gVfvm0IlSeR5U3WZUOLfVmqg85Go44=
github.com/microcosm-cc/bluemonday v1.0.1/go.mod h1:hsXNsILzKxV+sX77C5b8FSuKF00vh2OMYv+xgHpAMF4=
github.com/qor/admin v0.0.0-20181026061101-0ef7c2aa0f33 h1:vcO6orZFidOquPZoOcAj1qMD9kpW55vYQQmm0TDfekc=
github.com/qor/admin v0.0.0-20181026061101-0ef7c2aa0f33/go.mod h1:Sm5kX+Hkq1LKiFyqZJLnncUg8dWM/2roOEiy98NOUzA=
github.com/qor/assetfs v0.0.0-20170713023933-ff57fdc13a14 h1:JRpyNNSRAkwNHd4WgyPcalTAhxOCh3eFNMoQkxWhjSw=
github.com/qor/assetfs v0.0.0-20170713023933-ff57fdc13a14/go.mod h1:GZSCP3jIneuPsav3pXmpmJwz9ES+Fuq4ZPOUC3wwckQ=
github.com/qor/middlewares v0.0.0-20170822143614-781378b69454 h1:+WCc1IigwWpWBxMFsmLUsIF230TakGHstDajd8aKDAc=
github.com/qor/middlewares v0.0.0-20170822143614-781378b69454/go.mod h1:PejEyg3hS+Toh5m0AKRv2jK5br8qIoHLqmHrpg0WJYg=
github.com/qor/qor v0.0.0-20180607095400-a9b667cbbf18 h1:7eK+Ger5D5zmymneMUBmRkdrKGNXIPELrUAm7a1alPk=
github.com/qor/qor v0.0.0-20180607095400-a9b667cbbf18/go.mod h1:oG+LgDEnsI9avcFFdczoZnBe3rw42s4cG433w6XpEig=
github.com/qor/responder v0.0.0-20171031032654-b6def473574f h1:sKELSAyL+z5BRHFe97Bx71z197cBEobVJ6rASKTMSqU=
github.com/qor/responder v0.0.0-20171031032654-b6def473574f/go.mod h1:0TL2G+qGDYhHJ6XIJ6UcqkZVN+jp8AGqGU2wDnv2qas=
github.com/qor/roles v0.0.0-20171127035124-d6375609fe3e h1:F0BNcPJKfubM/+IIILu/GbrH9v2vPZWQ5/StSRKUfK4=
github.com/qor/roles v0.0.0-20171127035124-d6375609fe3e/go.mod h1:++RicL9Ia/BrQHppwAsMc5CA7mAjnBLNniB46MzUteA=
github.com/qor/session v0.0.0-20170907035918-8206b0adab70 h1:8l21EEdlZ9R0AA3FbeUAANc5NAx8Y3tn1VKbyAgjYlI=
github.com/qor/session v0.0.0-20170907035918-8206b0adab70/go.mod h1:ldgcaca0ZGx6tFtd/w0ELq5jHD/KLJ1Lbdn8qhr/pQ0=
github.com/qor/validations v0.0.0-20171228122639-f364bca61b46 h1:dRlsVUhwD1pwrasuVbNooGQITYjKzmXK5eYoEEvBGQI=
github.com/qor/validations v0.0.0-20171228122639-f364bca61b46/go.mod h1:UJsA0AuvrKNaWtrb1UzKai10mN3ZBbQkPjUHpxwahTc=
github.com/rainycape/unidecode v0.0.0-20150907023854-cb7f23ec59be h1:ta7tUOvsPHVHGom5hKW5VXNc2xZIkfCKP8iaqOyYtUQ=
github.com/rainycape/unidecode v0.0.0-20150907023854-cb7f23ec59be/go.mod h1:MIDFMn7db1kT65GmV94GzpX9Qdi7N/pQlwb+AN8wh+Q=
github.com/theplant/cldr v0.0.0-20170713054817-b97a4c2a76cf h1:PWVHh9ds9pRGV30lnA08uTG2dOLC9wGAG+qg75P6d7Q=
github.com/theplant/cldr v0.0.0-20170713054817-b97a4c2a76cf/go.mod h1:MIL7SmF8wRAYDn+JexczVRUiJXTCi4VbQavsCKWKwXI=
golang.org/x/net v0.0.0-20180724234803-3673e40ba225/go.mod h1:mL1N/T3taQHkDXs73rZJwtUhF3w3ftmwwsq0BUmARs4=
golang.org/x/net v0.0.0-20181114220301-adae6a3d119a h1:gOpx8G595UYyvj8UK4+OFyY4rx037g3fmfhe5SasG3U=
golang.org/x/net v0.0.0-20181114220301-adae6a3d119a/go.mod h1:mL1N/T3taQHkDXs73rZJwtUhF3w3ftmwwsq0BUmARs4=
golang.org/x/text v0.3.0/go.mod h1:NqM8EUOU14njkJ3fqMW+pc6Ldnwhi/IjpwHt7yyuwOQ=
google.golang.org/appengine v1.3.0 h1:FBSsiFRMz3LBeXIomRnVzrQwSDj4ibvcRexLG0LZGQk=
google.golang.org/appengine v1.3.0/go.mod h1:xpcJRLb0r/rnEns0DIKYYv+WjYCduHsrkT7/EB5XEv4=
